{
  "name": "checkdependencyb",
  "version": "1.0.4",
  "lockfileVersion": 1,
  "requires": true,
  "dependencies": {
    "checkdependencyc": {
      "version": "1.0.3",
      "resolved": "https://registry.npmjs.org/checkdependencyc/-/checkdependencyc-1.0.3.tgz",
      "integrity": "sha512-G+Iu09MDGu4xHnKmFJEcTLF7nam/2AEN8q8PfZY5La9kgLF8XGJLWUNTVt0AO8yLjRgnSxNDxkujL/T8dWJimw=="
    }
  }
}
