{
  "name": "checkdependencyb",
  "version": "1.0.4",
  "lockfileVersion": 1,
  "requires": true,
  "dependencies": {
    "checkdependencyc": {
      "version": "1.0.1",
      "resolved": "https://registry.npmjs.org/checkdependencyc/-/checkdependencyc-1.0.1.tgz",
      "integrity": "sha512-uBeMB1YWFcEYnNYawpZIfSa7dmDRwZp83kFlsi+K3oE+VA98X0qkSQ4FzCkrQ2YMN4OlHv+RsVCM/VvmoADkeA=="
    }
  }
}
